# This file is automatically @generated by Cargo.
# It is not intended for manual editing.
[[package]]
name = "arrayvec"
version = "0.5.1"
source = "registry+https://github.com/rust-lang/crates.io-index"

[[package]]
name = "embedded-graphics"
version = "0.5.2"
source = "registry+https://github.com/rust-lang/crates.io-index"

[[package]]
name = "introsort"
version = "0.6.0"
source = "registry+https://github.com/rust-lang/crates.io-index"

[[package]]
name = "kurbo"
version = "0.5.5"
dependencies = [
 "arrayvec 0.5.1 (registry+https://github.com/rust-lang/crates.io-index)",
 "introsort 0.6.0 (registry+https://github.com/rust-lang/crates.io-index)",
 "libm 0.2.1 (registry+https://github.com/rust-lang/crates.io-index)",
]

[[package]]
name = "libm"
version = "0.2.1"
source = "registry+https://github.com/rust-lang/crates.io-index"

[[package]]
name = "piet"
version = "0.0.7"
dependencies = [
 "arrayvec 0.5.1 (registry+https://github.com/rust-lang/crates.io-index)",
 "kurbo 0.5.5",
 "libm 0.2.1 (registry+https://github.com/rust-lang/crates.io-index)",
]

[[package]]
name = "piet-common"
version = "0.0.7"
dependencies = [
 "embedded-graphics 0.5.2 (registry+https://github.com/rust-lang/crates.io-index)",
 "piet 0.0.7",
 "piet-embedded-graphics 0.0.1",
]

[[package]]
name = "piet-embedded-graphics"
version = "0.0.1"
dependencies = [
 "embedded-graphics 0.5.2 (registry+https://github.com/rust-lang/crates.io-index)",
 "piet 0.0.7",
 "piet-test 0.0.7",
 "unicode-segmentation 1.6.0 (registry+https://github.com/rust-lang/crates.io-index)",
]

[[package]]
name = "piet-test"
version = "0.0.7"
dependencies = [
 "piet 0.0.7",
]

[[package]]
name = "unicode-segmentation"
version = "1.6.0"
source = "registry+https://github.com/rust-lang/crates.io-index"

[metadata]
"checksum arrayvec 0.5.1 (registry+https://github.com/rust-lang/crates.io-index)" = "cff77d8686867eceff3105329d4698d96c2391c176d5d03adc90c7389162b5b8"
"checksum embedded-graphics 0.5.2 (registry+https://github.com/rust-lang/crates.io-index)" = "704679bfcb66cc748ec185ae62ccd5b03311a53793372e2abf1ff9a7e9875ff7"
"checksum introsort 0.6.0 (registry+https://github.com/rust-lang/crates.io-index)" = "fe795ec48bf36f5d1075cb14e1467908a26bc69e6276193480d514aa59131c02"
"checksum libm 0.2.1 (registry+https://github.com/rust-lang/crates.io-index)" = "c7d73b3f436185384286bd8098d17ec07c9a7d2388a6599f824d8502b529702a"
"checksum unicode-segmentation 1.6.0 (registry+https://github.com/rust-lang/crates.io-index)" = "e83e153d1053cbb5a118eeff7fd5be06ed99153f00dbcd8ae310c5fb2b22edc0"
